// !$*UTF8*$!
{
	archiveVersion = 1;
	classes = {
	};
	objectVersion = 46;
	objects = {

/* Begin PBXBuildFile section */
		7E1A38EB15D05B3500E7B351 /* Guidelines.sqlite in Resources */ = {isa = PBXBuildFile; fileRef = 7E1A38EA15D05B3500E7B351 /* Guidelines.sqlite */; };
		7E1E765B15CDD3CA00EAC734 /* Guidelines.xcdatamodeld in Sources */ = {isa = PBXBuildFile; fileRef = 7E1E765915CDD3CA00EAC734 /* Guidelines.xcdatamodeld */; };
		7E47AA2C15CF09D300F9DD38 /* CoreData.framework in Frameworks */ = {isa = PBXBuildFile; fileRef = 7E47AA2B15CF09D300F9DD38 /* CoreData.framework */; };
		7E47AA3515CF231900F9DD38 /* Guideline.m in Sources */ = {isa = PBXBuildFile; fileRef = 7E47AA3415CF231900F9DD38 /* Guideline.m */; };
		7E620BAC15C874BA002CE045 /* Settings.bundle in Resources */ = {isa = PBXBuildFile; fileRef = 7E620BAB15C874BA002CE045 /* Settings.bundle */; };
		7E620BF615C8AD37002CE045 /* 58-bookmark.png in Resources */ = {isa = PBXBuildFile; fileRef = 7E620BEC15C8AD37002CE045 /* 58-bookmark.png */; };
		7E620BF715C8AD37002CE045 /* bookmark.png in Resources */ = {isa = PBXBuildFile; fileRef = 7E620BED15C8AD37002CE045 /* bookmark.png */; };
		7E620BF815C8AD37002CE045 /* 108-badge.png in Resources */ = {isa = PBXBuildFile; fileRef = 7E620BEE15C8AD37002CE045 /* 108-badge.png */; };
		7E620BF915C8AD37002CE045 /* 108-badge@2x.png in Resources */ = {isa = PBXBuildFile; fileRef = 7E620BEF15C8AD37002CE045 /* 108-badge@2x.png */; };
		7E620BFA15C8AD37002CE045 /* 185-printer.png in Resources */ = {isa = PBXBuildFile; fileRef = 7E620BF015C8AD37002CE045 /* 185-printer.png */; };
		7E620BFB15C8AD37002CE045 /* printer.png in Resources */ = {isa = PBXBuildFile; fileRef = 7E620BF115C8AD37002CE045 /* printer.png */; };
		7E620BFC15C8AD37002CE045 /* 211-action.png in Resources */ = {isa = PBXBuildFile; fileRef = 7E620BF215C8AD37002CE045 /* 211-action.png */; };
		7E620BFD15C8AD37002CE045 /* 211-action@2x.png in Resources */ = {isa = PBXBuildFile; fileRef = 7E620BF315C8AD37002CE045 /* 211-action@2x.png */; };
		7E620BFE15C8AD37002CE045 /* 212-action2.png in Resources */ = {isa = PBXBuildFile; fileRef = 7E620BF415C8AD37002CE045 /* 212-action2.png */; };
		7E620BFF15C8AD37002CE045 /* action2.png in Resources */ = {isa = PBXBuildFile; fileRef = 7E620BF515C8AD37002CE045 /* action2.png */; };
		7E8874A915E422A100AFAA9E /* Default-Portrait~ipad.png in Resources */ = {isa = PBXBuildFile; fileRef = 7E8874A815E422A100AFAA9E /* Default-Portrait~ipad.png */; };
		7E8874AB15E422A700AFAA9E /* Default-Landscape~ipad.png in Resources */ = {isa = PBXBuildFile; fileRef = 7E8874AA15E422A700AFAA9E /* Default-Landscape~ipad.png */; };
		7E8874AD15E4234900AFAA9E /* Default@2x.png in Resources */ = {isa = PBXBuildFile; fileRef = 7E8874A615E4229100AFAA9E /* Default@2x.png */; };
		7E8874AE15E423E800AFAA9E /* Default.png in Resources */ = {isa = PBXBuildFile; fileRef = 7E8874A315E4226A00AFAA9E /* Default.png */; };
		7EB985B1161CD62D0036E9CE /* addfav.png in Resources */ = {isa = PBXBuildFile; fileRef = 7EB985B0161CD62D0036E9CE /* addfav.png */; };
		7EB985B4161CD63C0036E9CE /* removefav.png in Resources */ = {isa = PBXBuildFile; fileRef = 7EB985B3161CD63C0036E9CE /* removefav.png */; };
		7EB9C05115E1AF7B00A959C3 /* CategoryMasterViewController.m in Sources */ = {isa = PBXBuildFile; fileRef = 7EB9C04F15E1AF7B00A959C3 /* CategoryMasterViewController.m */; };
		7EB9C05215E1AF7B00A959C3 /* CategoryMasterViewController_iPhone.xib in Resources */ = {isa = PBXBuildFile; fileRef = 7EB9C05015E1AF7B00A959C3 /* CategoryMasterViewController_iPhone.xib */; };
		7EB9C05515E1AFCD00A959C3 /* CategoryMasterViewController_iPad.xib in Resources */ = {isa = PBXBuildFile; fileRef = 7EB9C05415E1AFCD00A959C3 /* CategoryMasterViewController_iPad.xib */; };
		7EB9C05915E1BAAB00A959C3 /* FavouriteMasterViewController.m in Sources */ = {isa = PBXBuildFile; fileRef = 7EB9C05715E1BAAB00A959C3 /* FavouriteMasterViewController.m */; };
		7EB9C05A15E1BAAB00A959C3 /* FavouriteMasterViewController_iPhone.xib in Resources */ = {isa = PBXBuildFile; fileRef = 7EB9C05815E1BAAB00A959C3 /* FavouriteMasterViewController_iPhone.xib */; };
		7EB9C05C15E1BB9200A959C3 /* FavouriteMasterViewController_iPad.xib in Resources */ = {isa = PBXBuildFile; fileRef = 7EB9C05B15E1BB9200A959C3 /* FavouriteMasterViewController_iPad.xib */; };
		7EB9C06815E1D29D00A959C3 /* 33-cabinet.png in Resources */ = {isa = PBXBuildFile; fileRef = 7EB9C06715E1D29D00A959C3 /* 33-cabinet.png */; };
		7EB9C06A15E1D2A300A959C3 /* 15-tags.png in Resources */ = {isa = PBXBuildFile; fileRef = 7EB9C06915E1D2A300A959C3 /* 15-tags.png */; };
		7ED2B7C515D7B16300CA47F3 /* user_info.plist in Resources */ = {isa = PBXBuildFile; fileRef = 7ED2B7C415D7B16300CA47F3 /* user_info.plist */; };
		7ED2B7CD15D7B39300CA47F3 /* Reachability.m in Sources */ = {isa = PBXBuildFile; fileRef = 7ED2B7CC15D7B39300CA47F3 /* Reachability.m */; };
		7ED2B7CF15D7B8B800CA47F3 /* SystemConfiguration.framework in Frameworks */ = {isa = PBXBuildFile; fileRef = 7ED2B7CE15D7B8B800CA47F3 /* SystemConfiguration.framework */; };
		7ED2B7D315D7E19400CA47F3 /* Update.m in Sources */ = {isa = PBXBuildFile; fileRef = 7ED2B7D115D7E19300CA47F3 /* Update.m */; };
		7ED2B7D415D7E19400CA47F3 /* Update.xib in Resources */ = {isa = PBXBuildFile; fileRef = 7ED2B7D215D7E19400CA47F3 /* Update.xib */; };
		7EE1AB8A15C849C6009DF75B /* UIKit.framework in Frameworks */ = {isa = PBXBuildFile; fileRef = 7EE1AB8915C849C6009DF75B /* UIKit.framework */; };
		7EE1AB8C15C849C6009DF75B /* Foundation.framework in Frameworks */ = {isa = PBXBuildFile; fileRef = 7EE1AB8B15C849C6009DF75B /* Foundation.framework */; };
		7EE1AB8E15C849C6009DF75B /* CoreGraphics.framework in Frameworks */ = {isa = PBXBuildFile; fileRef = 7EE1AB8D15C849C6009DF75B /* CoreGraphics.framework */; };
		7EE1AB9415C849C6009DF75B /* InfoPlist.strings in Resources */ = {isa = PBXBuildFile; fileRef = 7EE1AB9215C849C6009DF75B /* InfoPlist.strings */; };
		7EE1AB9615C849C6009DF75B /* main.m in Sources */ = {isa = PBXBuildFile; fileRef = 7EE1AB9515C849C6009DF75B /* main.m */; };
		7EE1AB9A15C849C6009DF75B /* AppDelegate.m in Sources */ = {isa = PBXBuildFile; fileRef = 7EE1AB9915C849C6009DF75B /* AppDelegate.m */; };
		7EE1AB9D15C849C6009DF75B /* MasterViewController.m in Sources */ = {isa = PBXBuildFile; fileRef = 7EE1AB9C15C849C6009DF75B /* MasterViewController.m */; };
		7EE1ABA015C849C6009DF75B /* DetailViewController.m in Sources */ = {isa = PBXBuildFile; fileRef = 7EE1AB9F15C849C6009DF75B /* DetailViewController.m */; };
		7EE1ABA315C849C6009DF75B /* MasterViewController_iPhone.xib in Resources */ = {isa = PBXBuildFile; fileRef = 7EE1ABA115C849C6009DF75B /* MasterViewController_iPhone.xib */; };
		7EE1ABA615C849C6009DF75B /* MasterViewController_iPad.xib in Resources */ = {isa = PBXBuildFile; fileRef = 7EE1ABA415C849C6009DF75B /* MasterViewController_iPad.xib */; };
		7EE1ABA915C849C6009DF75B /* DetailViewController_iPhone.xib in Resources */ = {isa = PBXBuildFile; fileRef = 7EE1ABA715C849C6009DF75B /* DetailViewController_iPhone.xib */; };
		7EE1ABAC15C849C6009DF75B /* DetailViewController_iPad.xib in Resources */ = {isa = PBXBuildFile; fileRef = 7EE1ABAA15C849C6009DF75B /* DetailViewController_iPad.xib */; };
		7EE801C915E032540032B296 /* MessageUI.framework in Frameworks */ = {isa = PBXBuildFile; fileRef = 7EE801C815E032530032B296 /* MessageUI.framework */; };
		7EE801CC15E037100032B296 /* Twitter.framework in Frameworks */ = {isa = PBXBuildFile; fileRef = 7EE801CB15E037100032B296 /* Twitter.framework */; };
		7EED422915CA059C00F47C2E /* appicon.png in Resources */ = {isa = PBXBuildFile; fileRef = 7EED422815CA059C00F47C2E /* appicon.png */; };
		7EED422C15CA05A300F47C2E /* appicon@2x.png in Resources */ = {isa = PBXBuildFile; fileRef = 7EED422B15CA05A300F47C2E /* appicon@2x.png */; };
		7EED422E15CA05C600F47C2E /* NICE icon iOS 72.png in Resources */ = {isa = PBXBuildFile; fileRef = 7EED422D15CA05C600F47C2E /* NICE icon iOS 72.png */; };
/* End PBXBuildFile section */

/* Begin PBXFileReference section */
		7E1A38EA15D05B3500E7B351 /* Guidelines.sqlite */ = {isa = PBXFileReference; lastKnownFileType = file; path = Guidelines.sqlite; sourceTree = "<group>"; };
		7E1E765A15CDD3CA00EAC734 /* Guidelines.xcdatamodel */ = {isa = PBXFileReference; lastKnownFileType = wrapper.xcdatamodel; path = Guidelines.xcdatamodel; sourceTree = "<group>"; };
		7E47AA2B15CF09D300F9DD38 /* CoreData.framework */ = {isa = PBXFileReference; lastKnownFileType = wrapper.framework; name = CoreData.framework; path = System/Library/Frameworks/CoreData.framework; sourceTree = SDKROOT; };
		7E47AA3315CF231900F9DD38 /* Guideline.h */ = {isa = PBXFileReference; fileEncoding = 4; lastKnownFileType = sourcecode.c.h; path = Guideline.h; sourceTree = "<group>"; };
		7E47AA3415CF231900F9DD38 /* Guideline.m */ = {isa = PBXFileReference; fileEncoding = 4; lastKnownFileType = sourcecode.c.objc; path = Guideline.m; sourceTree = "<group>"; };
		7E620BAB15C874BA002CE045 /* Settings.bundle */ = {isa = PBXFileReference; lastKnownFileType = "wrapper.plug-in"; path = Settings.bundle; sourceTree = "<group>"; };
		7E620BEC15C8AD37002CE045 /* 58-bookmark.png */ = {isa = PBXFileReference; lastKnownFileType = image.png; path = "58-bookmark.png"; sourceTree = SOURCE_ROOT; };
		7E620BED15C8AD37002CE045 /* bookmark.png */ = {isa = PBXFileReference; lastKnownFileType = image.png; path = bookmark.png; sourceTree = SOURCE_ROOT; };
		7E620BEE15C8AD37002CE045 /* 108-badge.png */ = {isa = PBXFileReference; lastKnownFileType = image.png; path = "108-badge.png"; sourceTree = SOURCE_ROOT; };
		7E620BEF15C8AD37002CE045 /* 108-badge@2x.png */ = {isa = PBXFileReference; lastKnownFileType = image.png; path = "108-badge@2x.png"; sourceTree = SOURCE_ROOT; };
		7E620BF015C8AD37002CE045 /* 185-printer.png */ = {isa = PBXFileReference; lastKnownFileType = image.png; path = "185-printer.png"; sourceTree = SOURCE_ROOT; };
		7E620BF115C8AD37002CE045 /* printer.png */ = {isa = PBXFileReference; lastKnownFileType = image.png; path = printer.png; sourceTree = SOURCE_ROOT; };
		7E620BF215C8AD37002CE045 /* 211-action.png */ = {isa = PBXFileReference; lastKnownFileType = image.png; path = "211-action.png"; sourceTree = SOURCE_ROOT; };
		7E620BF315C8AD37002CE045 /* 211-action@2x.png */ = {isa = PBXFileReference; lastKnownFileType = image.png; path = "211-action@2x.png"; sourceTree = SOURCE_ROOT; };
		7E620BF415C8AD37002CE045 /* 212-action2.png */ = {isa = PBXFileReference; lastKnownFileType = image.png; path = "212-action2.png"; sourceTree = SOURCE_ROOT; };
		7E620BF515C8AD37002CE045 /* action2.png */ = {isa = PBXFileReference; lastKnownFileType = image.png; path = action2.png; sourceTree = SOURCE_ROOT; };
		7E8874A315E4226A00AFAA9E /* Default.png */ = {isa = PBXFileReference; lastKnownFileType = image.png; name = Default.png; path = ../Default.png; sourceTree = "<group>"; };
		7E8874A615E4229100AFAA9E /* Default@2x.png */ = {isa = PBXFileReference; lastKnownFileType = image.png; name = "Default@2x.png"; path = "../Default@2x.png"; sourceTree = "<group>"; };
		7E8874A815E422A100AFAA9E /* Default-Portrait~ipad.png */ = {isa = PBXFileReference; lastKnownFileType = image.png; name = "Default-Portrait~ipad.png"; path = "../Default-Portrait~ipad.png"; sourceTree = "<group>"; };
		7E8874AA15E422A700AFAA9E /* Default-Landscape~ipad.png */ = {isa = PBXFileReference; lastKnownFileType = image.png; name = "Default-Landscape~ipad.png"; path = "../Default-Landscape~ipad.png"; sourceTree = "<group>"; };
		7EB985B0161CD62D0036E9CE /* addfav.png */ = {isa = PBXFileReference; lastKnownFileType = image.png; path = addfav.png; sourceTree = SOURCE_ROOT; };
		7EB985B3161CD63C0036E9CE /* removefav.png */ = {isa = PBXFileReference; lastKnownFileType = image.png; path = removefav.png; sourceTree = SOURCE_ROOT; };
		7EB9C04E15E1AF7B00A959C3 /* CategoryMasterViewController.h */ = {isa = PBXFileReference; fileEncoding = 4; lastKnownFileType = sourcecode.c.h; path = CategoryMasterViewController.h; sourceTree = "<group>"; };
		7EB9C04F15E1AF7B00A959C3 /* CategoryMasterViewController.m */ = {isa = PBXFileReference; fileEncoding = 4; lastKnownFileType = sourcecode.c.objc; path = CategoryMasterViewController.m; sourceTree = "<group>"; };
		7EB9C05015E1AF7B00A959C3 /* CategoryMasterViewController_iPhone.xib */ = {isa = PBXFileReference; fileEncoding = 4; lastKnownFileType = file.xib; path = CategoryMasterViewController_iPhone.xib; sourceTree = "<group>"; };
		7EB9C05415E1AFCD00A959C3 /* CategoryMasterViewController_iPad.xib */ = {isa = PBXFileReference; fileEncoding = 4; lastKnownFileType = file.xib; path = CategoryMasterViewController_iPad.xib; sourceTree = "<group>"; };
		7EB9C05615E1BAAB00A959C3 /* FavouriteMasterViewController.h */ = {isa = PBXFileReference; fileEncoding = 4; lastKnownFileType = sourcecode.c.h; path = FavouriteMasterViewController.h; sourceTree = "<group>"; };
		7EB9C05715E1BAAB00A959C3 /* FavouriteMasterViewController.m */ = {isa = PBXFileReference; fileEncoding = 4; lastKnownFileType = sourcecode.c.objc; path = FavouriteMasterViewController.m; sourceTree = "<group>"; };
		7EB9C05815E1BAAB00A959C3 /* FavouriteMasterViewController_iPhone.xib */ = {isa = PBXFileReference; fileEncoding = 4; lastKnownFileType = file.xib; path = FavouriteMasterViewController_iPhone.xib; sourceTree = "<group>"; };
		7EB9C05B15E1BB9200A959C3 /* FavouriteMasterViewController_iPad.xib */ = {isa = PBXFileReference; fileEncoding = 4; lastKnownFileType = file.xib; path = FavouriteMasterViewController_iPad.xib; sourceTree = "<group>"; };
		7EB9C06715E1D29D00A959C3 /* 33-cabinet.png */ = {isa = PBXFileReference; lastKnownFileType = image.png; path = "33-cabinet.png"; sourceTree = "<group>"; };
		7EB9C06915E1D2A300A959C3 /* 15-tags.png */ = {isa = PBXFileReference; lastKnownFileType = image.png; path = "15-tags.png"; sourceTree = "<group>"; };
		7ED2B7C415D7B16300CA47F3 /* user_info.plist */ = {isa = PBXFileReference; fileEncoding = 4; lastKnownFileType = text.plist.xml; path = user_info.plist; sourceTree = "<group>"; };
		7ED2B7CB15D7B39300CA47F3 /* Reachability.h */ = {isa = PBXFileReference; fileEncoding = 4; lastKnownFileType = sourcecode.c.h; path = Reachability.h; sourceTree = "<group>"; };
		7ED2B7CC15D7B39300CA47F3 /* Reachability.m */ = {isa = PBXFileReference; fileEncoding = 4; lastKnownFileType = sourcecode.c.objc; path = Reachability.m; sourceTree = "<group>"; };
		7ED2B7CE15D7B8B800CA47F3 /* SystemConfiguration.framework */ = {isa = PBXFileReference; lastKnownFileType = wrapper.framework; name = SystemConfiguration.framework; path = System/Library/Frameworks/SystemConfiguration.framework; sourceTree = SDKROOT; };
		7ED2B7D015D7E19300CA47F3 /* Update.h */ = {isa = PBXFileReference; fileEncoding = 4; lastKnownFileType = sourcecode.c.h; path = Update.h; sourceTree = "<group>"; };
		7ED2B7D115D7E19300CA47F3 /* Update.m */ = {isa = PBXFileReference; fileEncoding = 4; lastKnownFileType = sourcecode.c.objc; path = Update.m; sourceTree = "<group>"; };
		7ED2B7D215D7E19400CA47F3 /* Update.xib */ = {isa = PBXFileReference; fileEncoding = 4; lastKnownFileType = file.xib; path = Update.xib; sourceTree = "<group>"; };
		7EE1AB8515C849C6009DF75B /* NICE Guidelines.app */ = {isa = PBXFileReference; explicitFileType = wrapper.application; includeInIndex = 0; path = "NICE Guidelines.app"; sourceTree = BUILT_PRODUCTS_DIR; };
		7EE1AB8915C849C6009DF75B /* UIKit.framework */ = {isa = PBXFileReference; lastKnownFileType = wrapper.framework; name = UIKit.framework; path = System/Library/Frameworks/UIKit.framework; sourceTree = SDKROOT; };
		7EE1AB8B15C849C6009DF75B /* Foundation.framework */ = {isa = PBXFileReference; lastKnownFileType = wrapper.framework; name = Foundation.framework; path = System/Library/Frameworks/Foundation.framework; sourceTree = SDKROOT; };
		7EE1AB8D15C849C6009DF75B /* CoreGraphics.framework */ = {isa = PBXFileReference; lastKnownFileType = wrapper.framework; name = CoreGraphics.framework; path = System/Library/Frameworks/CoreGraphics.framework; sourceTree = SDKROOT; };
		7EE1AB9115C849C6009DF75B /* NICE Guidelines-Info.plist */ = {isa = PBXFileReference; lastKnownFileType = text.plist.xml; path = "NICE Guidelines-Info.plist"; sourceTree = "<group>"; };
		7EE1AB9315C849C6009DF75B /* en */ = {isa = PBXFileReference; lastKnownFileType = text.plist.strings; name = en; path = en.lproj/InfoPlist.strings; sourceTree = "<group>"; };
		7EE1AB9515C849C6009DF75B /* main.m */ = {isa = PBXFileReference; lastKnownFileType = sourcecode.c.objc; path = main.m; sourceTree = "<group>"; };
		7EE1AB9715C849C6009DF75B /* NICE Guidelines-Prefix.pch */ = {isa = PBXFileReference; lastKnownFileType = sourcecode.c.h; path = "NICE Guidelines-Prefix.pch"; sourceTree = "<group>"; };
		7EE1AB9815C849C6009DF75B /* AppDelegate.h */ = {isa = PBXFileReference; lastKnownFileType = sourcecode.c.h; path = AppDelegate.h; sourceTree = "<group>"; };
		7EE1AB9915C849C6009DF75B /* AppDelegate.m */ = {isa = PBXFileReference; lastKnownFileType = sourcecode.c.objc; path = AppDelegate.m; sourceTree = "<group>"; };
		7EE1AB9B15C849C6009DF75B /* MasterViewController.h */ = {isa = PBXFileReference; lastKnownFileType = sourcecode.c.h; path = MasterViewController.h; sourceTree = "<group>"; };
		7EE1AB9C15C849C6009DF75B /* MasterViewController.m */ = {isa = PBXFileReference; lastKnownFileType = sourcecode.c.objc; path = MasterViewController.m; sourceTree = "<group>"; };
		7EE1AB9E15C849C6009DF75B /* DetailViewController.h */ = {isa = PBXFileReference; lastKnownFileType = sourcecode.c.h; path = DetailViewController.h; sourceTree = "<group>"; };
		7EE1AB9F15C849C6009DF75B /* DetailViewController.m */ = {isa = PBXFileReference; lastKnownFileType = sourcecode.c.objc; path = DetailViewController.m; sourceTree = "<group>"; };
		7EE1ABA215C849C6009DF75B /* en */ = {isa = PBXFileReference; lastKnownFileType = file.xib; name = en; path = en.lproj/MasterViewController_iPhone.xib; sourceTree = "<group>"; };
		7EE1ABA515C849C6009DF75B /* en */ = {isa = PBXFileReference; lastKnownFileType = file.xib; name = en; path = en.lproj/MasterViewController_iPad.xib; sourceTree = "<group>"; };
		7EE1ABA815C849C6009DF75B /* en */ = {isa = PBXFileReference; lastKnownFileType = file.xib; name = en; path = en.lproj/DetailViewController_iPhone.xib; sourceTree = "<group>"; };
		7EE1ABAB15C849C6009DF75B /* en */ = {isa = PBXFileReference; lastKnownFileType = file.xib; name = en; path = en.lproj/DetailViewController_iPad.xib; sourceTree = "<group>"; };
		7EE801C815E032530032B296 /* MessageUI.framework */ = {isa = PBXFileReference; lastKnownFileType = wrapper.framework; name = MessageUI.framework; path = System/Library/Frameworks/MessageUI.framework; sourceTree = SDKROOT; };
		7EE801CB15E037100032B296 /* Twitter.framework */ = {isa = PBXFileReference; lastKnownFileType = wrapper.framework; name = Twitter.framework; path = System/Library/Frameworks/Twitter.framework; sourceTree = SDKROOT; };
		7EED422815CA059C00F47C2E /* appicon.png */ = {isa = PBXFileReference; lastKnownFileType = image.png; path = appicon.png; sourceTree = "<group>"; };
		7EED422B15CA05A300F47C2E /* appicon@2x.png */ = {isa = PBXFileReference; lastKnownFileType = image.png; path = "appicon@2x.png"; sourceTree = "<group>"; };
		7EED422D15CA05C600F47C2E /* NICE icon iOS 72.png */ = {isa = PBXFileReference; lastKnownFileType = image.png; path = "NICE icon iOS 72.png"; sourceTree = "<group>"; };
/* End PBXFileReference section */

/* Begin PBXFrameworksBuildPhase section */
		7EE1AB8215C849C6009DF75B /* Frameworks */ = {
			isa = PBXFrameworksBuildPhase;
			buildActionMask = 2147483647;
			files = (
				7EE801CC15E037100032B296 /* Twitter.framework in Frameworks */,
				7EE801C915E032540032B296 /* MessageUI.framework in Frameworks */,
				7ED2B7CF15D7B8B800CA47F3 /* SystemConfiguration.framework in Frameworks */,
				7E47AA2C15CF09D300F9DD38 /* CoreData.framework in Frameworks */,
				7EE1AB8A15C849C6009DF75B /* UIKit.framework in Frameworks */,
				7EE1AB8C15C849C6009DF75B /* Foundation.framework in Frameworks */,
				7EE1AB8E15C849C6009DF75B /* CoreGraphics.framework in Frameworks */,
			);
			runOnlyForDeploymentPostprocessing = 0;
		};
/* End PBXFrameworksBuildPhase section */

/* Begin PBXGroup section */
		7EE1AB7A15C849C6009DF75B = {
			isa = PBXGroup;
			children = (
				7EED422D15CA05C600F47C2E /* NICE icon iOS 72.png */,
				7EED422B15CA05A300F47C2E /* appicon@2x.png */,
				7EED422815CA059C00F47C2E /* appicon.png */,
				7E620BAB15C874BA002CE045 /* Settings.bundle */,
				7E1E765915CDD3CA00EAC734 /* Guidelines.xcdatamodeld */,
				7E47AA3315CF231900F9DD38 /* Guideline.h */,
				7E47AA3415CF231900F9DD38 /* Guideline.m */,
				7EE1AB8F15C849C6009DF75B /* NICE Guidelines */,
				7EE1AB8815C849C6009DF75B /* Frameworks */,
				7EE1AB8615C849C6009DF75B /* Products */,
			);
			sourceTree = "<group>";
		};
		7EE1AB8615C849C6009DF75B /* Products */ = {
			isa = PBXGroup;
			children = (
				7EE1AB8515C849C6009DF75B /* NICE Guidelines.app */,
			);
			name = Products;
			sourceTree = "<group>";
		};
		7EE1AB8815C849C6009DF75B /* Frameworks */ = {
			isa = PBXGroup;
			children = (
				7EE801CB15E037100032B296 /* Twitter.framework */,
				7EE801C815E032530032B296 /* MessageUI.framework */,
				7ED2B7CE15D7B8B800CA47F3 /* SystemConfiguration.framework */,
				7E47AA2B15CF09D300F9DD38 /* CoreData.framework */,
				7EE1AB8915C849C6009DF75B /* UIKit.framework */,
				7EE1AB8B15C849C6009DF75B /* Foundation.framework */,
				7EE1AB8D15C849C6009DF75B /* CoreGraphics.framework */,
			);
			name = Frameworks;
			sourceTree = "<group>";
		};
		7EE1AB8F15C849C6009DF75B /* NICE Guidelines */ = {
			isa = PBXGroup;
			children = (
				7ED2B7CB15D7B39300CA47F3 /* Reachability.h */,
				7ED2B7CC15D7B39300CA47F3 /* Reachability.m */,
				7EE1AB9815C849C6009DF75B /* AppDelegate.h */,
				7EE1AB9915C849C6009DF75B /* AppDelegate.m */,
				7EE1AB9B15C849C6009DF75B /* MasterViewController.h */,
				7EE1AB9C15C849C6009DF75B /* MasterViewController.m */,
				7EB9C05615E1BAAB00A959C3 /* FavouriteMasterViewController.h */,
				7EB9C05715E1BAAB00A959C3 /* FavouriteMasterViewController.m */,
				7EB9C04E15E1AF7B00A959C3 /* CategoryMasterViewController.h */,
				7EB9C04F15E1AF7B00A959C3 /* CategoryMasterViewController.m */,
				7EE1AB9E15C849C6009DF75B /* DetailViewController.h */,
				7EE1AB9F15C849C6009DF75B /* DetailViewController.m */,
				7ED2B7D015D7E19300CA47F3 /* Update.h */,
				7ED2B7D115D7E19300CA47F3 /* Update.m */,
				7ED2B7D215D7E19400CA47F3 /* Update.xib */,
				7EB9C05815E1BAAB00A959C3 /* FavouriteMasterViewController_iPhone.xib */,
				7EB9C05B15E1BB9200A959C3 /* FavouriteMasterViewController_iPad.xib */,
				7EB9C05015E1AF7B00A959C3 /* CategoryMasterViewController_iPhone.xib */,
				7EB9C05415E1AFCD00A959C3 /* CategoryMasterViewController_iPad.xib */,
				7EE1ABA115C849C6009DF75B /* MasterViewController_iPhone.xib */,
				7EE1ABA415C849C6009DF75B /* MasterViewController_iPad.xib */,
				7EE1ABA715C849C6009DF75B /* DetailViewController_iPhone.xib */,
				7EE1ABAA15C849C6009DF75B /* DetailViewController_iPad.xib */,
				7EE1AB9015C849C6009DF75B /* Supporting Files */,
			);
			path = "NICE Guidelines";
			sourceTree = "<group>";
		};
		7EE1AB9015C849C6009DF75B /* Supporting Files */ = {
			isa = PBXGroup;
			children = (
				7EB985B3161CD63C0036E9CE /* removefav.png */,
				7EB985B0161CD62D0036E9CE /* addfav.png */,
				7E1A38EA15D05B3500E7B351 /* Guidelines.sqlite */,
				7E620BEC15C8AD37002CE045 /* 58-bookmark.png */,
				7E8874AA15E422A700AFAA9E /* Default-Landscape~ipad.png */,
				7E8874A815E422A100AFAA9E /* Default-Portrait~ipad.png */,
				7E8874A615E4229100AFAA9E /* Default@2x.png */,
				7E8874A315E4226A00AFAA9E /* Default.png */,
				7E620BED15C8AD37002CE045 /* bookmark.png */,
				7EB9C06715E1D29D00A959C3 /* 33-cabinet.png */,
				7EB9C06915E1D2A300A959C3 /* 15-tags.png */,
				7E620BEE15C8AD37002CE045 /* 108-badge.png */,
				7E620BEF15C8AD37002CE045 /* 108-badge@2x.png */,
				7E620BF015C8AD37002CE045 /* 185-printer.png */,
				7E620BF115C8AD37002CE045 /* printer.png */,
				7E620BF215C8AD37002CE045 /* 211-action.png */,
				7E620BF315C8AD37002CE045 /* 211-action@2x.png */,
				7E620BF415C8AD37002CE045 /* 212-action2.png */,
				7E620BF515C8AD37002CE045 /* action2.png */,
				7EE1AB9115C849C6009DF75B /* NICE Guidelines-Info.plist */,
				7EE1AB9215C849C6009DF75B /* InfoPlist.strings */,
				7EE1AB9515C849C6009DF75B /* main.m */,
				7EE1AB9715C849C6009DF75B /* NICE Guidelines-Prefix.pch */,
				7ED2B7C415D7B16300CA47F3 /* user_info.plist */,
			);
			name = "Supporting Files";
			sourceTree = "<group>";
		};
/* End PBXGroup section */

/* Begin PBXNativeTarget section */
		7EE1AB8415C849C6009DF75B /* NICE Guidelines */ = {
			isa = PBXNativeTarget;
			buildConfigurationList = 7EE1ABAF15C849C6009DF75B /* Build configuration list for PBXNativeTarget "NICE Guidelines" */;
			buildPhases = (
				7EE1AB8115C849C6009DF75B /* Sources */,
				7EE1AB8215C849C6009DF75B /* Frameworks */,
				7EE1AB8315C849C6009DF75B /* Resources */,
			);
			buildRules = (
			);
			dependencies = (
			);
			name = "NICE Guidelines";
			productName = "NICE Guidelines";
			productReference = 7EE1AB8515C849C6009DF75B /* NICE Guidelines.app */;
			productType = "com.apple.product-type.application";
		};
/* End PBXNativeTarget section */

/* Begin PBXProject section */
		7EE1AB7C15C849C6009DF75B /* Project object */ = {
			isa = PBXProject;
			attributes = {
				LastUpgradeCheck = 0420;
			};
			buildConfigurationList = 7EE1AB7F15C849C6009DF75B /* Build configuration list for PBXProject "NICE Guidelines" */;
			compatibilityVersion = "Xcode 3.2";
			developmentRegion = English;
			hasScannedForEncodings = 0;
			knownRegions = (
				en,
			);
			mainGroup = 7EE1AB7A15C849C6009DF75B;
			productRefGroup = 7EE1AB8615C849C6009DF75B /* Products */;
			projectDirPath = "";
			projectRoot = "";
			targets = (
				7EE1AB8415C849C6009DF75B /* NICE Guidelines */,
			);
		};
/* End PBXProject section */

/* Begin PBXResourcesBuildPhase section */
		7EE1AB8315C849C6009DF75B /* Resources */ = {
			isa = PBXResourcesBuildPhase;
			buildActionMask = 2147483647;
			files = (
				7EE1AB9415C849C6009DF75B /* InfoPlist.strings in Resources */,
				7EE1ABA315C849C6009DF75B /* MasterViewController_iPhone.xib in Resources */,
				7EE1ABA615C849C6009DF75B /* MasterViewController_iPad.xib in Resources */,
				7EE1ABA915C849C6009DF75B /* DetailViewController_iPhone.xib in Resources */,
				7EE1ABAC15C849C6009DF75B /* DetailViewController_iPad.xib in Resources */,
				7E620BAC15C874BA002CE045 /* Settings.bundle in Resources */,
				7E620BF615C8AD37002CE045 /* 58-bookmark.png in Resources */,
				7E620BF715C8AD37002CE045 /* bookmark.png in Resources */,
				7E620BF815C8AD37002CE045 /* 108-badge.png in Resources */,
				7E620BF915C8AD37002CE045 /* 108-badge@2x.png in Resources */,
				7E620BFA15C8AD37002CE045 /* 185-printer.png in Resources */,
				7E620BFB15C8AD37002CE045 /* printer.png in Resources */,
				7E620BFC15C8AD37002CE045 /* 211-action.png in Resources */,
				7E620BFD15C8AD37002CE045 /* 211-action@2x.png in Resources */,
				7E620BFE15C8AD37002CE045 /* 212-action2.png in Resources */,
				7E620BFF15C8AD37002CE045 /* action2.png in Resources */,
				7EED422915CA059C00F47C2E /* appicon.png in Resources */,
				7EED422C15CA05A300F47C2E /* appicon@2x.png in Resources */,
				7EED422E15CA05C600F47C2E /* NICE icon iOS 72.png in Resources */,
				7E1A38EB15D05B3500E7B351 /* Guidelines.sqlite in Resources */,
				7ED2B7C515D7B16300CA47F3 /* user_info.plist in Resources */,
				7ED2B7D415D7E19400CA47F3 /* Update.xib in Resources */,
				7EB9C05215E1AF7B00A959C3 /* CategoryMasterViewController_iPhone.xib in Resources */,
				7EB9C05515E1AFCD00A959C3 /* CategoryMasterViewController_iPad.xib in Resources */,
				7EB9C05A15E1BAAB00A959C3 /* FavouriteMasterViewController_iPhone.xib in Resources */,
				7EB9C05C15E1BB9200A959C3 /* FavouriteMasterViewController_iPad.xib in Resources */,
				7EB9C06815E1D29D00A959C3 /* 33-cabinet.png in Resources */,
				7EB9C06A15E1D2A300A959C3 /* 15-tags.png in Resources */,
				7E8874A915E422A100AFAA9E /* Default-Portrait~ipad.png in Resources */,
				7E8874AB15E422A700AFAA9E /* Default-Landscape~ipad.png in Resources */,
				7E8874AD15E4234900AFAA9E /* Default@2x.png in Resources */,
				7E8874AE15E423E800AFAA9E /* Default.png in Resources */,
				7EB985B1161CD62D0036E9CE /* addfav.png in Resources */,
				7EB985B4161CD63C0036E9CE /* removefav.png in Resources */,
			);
			runOnlyForDeploymentPostprocessing = 0;
		};
/* End PBXResourcesBuildPhase section */

/* Begin PBXSourcesBuildPhase section */
		7EE1AB8115C849C6009DF75B /* Sources */ = {
			isa = PBXSourcesBuildPhase;
			buildActionMask = 2147483647;
			files = (
				7EE1AB9615C849C6009DF75B /* main.m in Sources */,
				7EE1AB9A15C849C6009DF75B /* AppDelegate.m in Sources */,
				7EE1AB9D15C849C6009DF75B /* MasterViewController.m in Sources */,
				7EE1ABA015C849C6009DF75B /* DetailViewController.m in Sources */,
				7E1E765B15CDD3CA00EAC734 /* Guidelines.xcdatamodeld in Sources */,
				7E47AA3515CF231900F9DD38 /* Guideline.m in Sources */,
				7ED2B7CD15D7B39300CA47F3 /* Reachability.m in Sources */,
				7ED2B7D315D7E19400CA47F3 /* Update.m in Sources */,
				7EB9C05115E1AF7B00A959C3 /* CategoryMasterViewController.m in Sources */,
				7EB9C05915E1BAAB00A959C3 /* FavouriteMasterViewController.m in Sources */,
			);
			runOnlyForDeploymentPostprocessing = 0;
		};
/* End PBXSourcesBuildPhase section */

/* Begin PBXVariantGroup section */
		7EE1AB9215C849C6009DF75B /* InfoPlist.strings */ = {
			isa = PBXVariantGroup;
			children = (
				7EE1AB9315C849C6009DF75B /* en */,
			);
			name = InfoPlist.strings;
			sourceTree = "<group>";
		};
		7EE1ABA115C849C6009DF75B /* MasterViewController_iPhone.xib */ = {
			isa = PBXVariantGroup;
			children = (
				7EE1ABA215C849C6009DF75B /* en */,
			);
			name = MasterViewController_iPhone.xib;
			sourceTree = "<group>";
		};
		7EE1ABA415C849C6009DF75B /* MasterViewController_iPad.xib */ = {
			isa = PBXVariantGroup;
			children = (
				7EE1ABA515C849C6009DF75B /* en */,
			);
			name = MasterViewController_iPad.xib;
			sourceTree = "<group>";
		};
		7EE1ABA715C849C6009DF75B /* DetailViewController_iPhone.xib */ = {
			isa = PBXVariantGroup;
			children = (
				7EE1ABA815C849C6009DF75B /* en */,
			);
			name = DetailViewController_iPhone.xib;
			sourceTree = "<group>";
		};
		7EE1ABAA15C849C6009DF75B /* DetailViewController_iPad.xib */ = {
			isa = PBXVariantGroup;
			children = (
				7EE1ABAB15C849C6009DF75B /* en */,
			);
			name = DetailViewController_iPad.xib;
			sourceTree = "<group>";
		};
/* End PBXVariantGroup section */

/* Begin XCBuildConfiguration section */
		7EE1ABAD15C849C6009DF75B /* Debug */ = {
			isa = XCBuildConfiguration;
			buildSettings = {
				ALWAYS_SEARCH_USER_PATHS = NO;
				ARCHS = "$(ARCHS_STANDARD_32_BIT)";
				"CODE_SIGN_IDENTITY[sdk=iphoneos*]" = "iPhone Developer";
				COPY_PHASE_STRIP = NO;
				GCC_C_LANGUAGE_STANDARD = gnu99;
				GCC_DYNAMIC_NO_PIC = NO;
				GCC_OPTIMIZATION_LEVEL = 0;
				GCC_PREPROCESSOR_DEFINITIONS = (
					"DEBUG=1",
					"$(inherited)",
				);
				GCC_SYMBOLS_PRIVATE_EXTERN = NO;
				GCC_VERSION = com.apple.compilers.llvm.clang.1_0;
				GCC_WARN_ABOUT_MISSING_PROTOTYPES = YES;
				GCC_WARN_ABOUT_RETURN_TYPE = YES;
				GCC_WARN_UNUSED_VARIABLE = YES;
				IPHONEOS_DEPLOYMENT_TARGET = 5.0;
				SDKROOT = iphoneos;
				TARGETED_DEVICE_FAMILY = "1,2";
			};
			name = Debug;
		};
		7EE1ABAE15C849C6009DF75B /* Release */ = {
			isa = XCBuildConfiguration;
			buildSettings = {
				ALWAYS_SEARCH_USER_PATHS = NO;
				ARCHS = "$(ARCHS_STANDARD_32_BIT)";
				"CODE_SIGN_IDENTITY[sdk=iphoneos*]" = "iPhone Developer";
				COPY_PHASE_STRIP = YES;
				GCC_C_LANGUAGE_STANDARD = gnu99;
				GCC_VERSION = com.apple.compilers.llvm.clang.1_0;
				GCC_WARN_ABOUT_MISSING_PROTOTYPES = YES;
				GCC_WARN_ABOUT_RETURN_TYPE = YES;
				GCC_WARN_UNUSED_VARIABLE = YES;
				IPHONEOS_DEPLOYMENT_TARGET = 5.0;
				OTHER_CFLAGS = "-DNS_BLOCK_ASSERTIONS=1";
				SDKROOT = iphoneos;
				TARGETED_DEVICE_FAMILY = "1,2";
				VALIDATE_PRODUCT = YES;
			};
			name = Release;
		};
		7EE1ABB015C849C6009DF75B /* Debug */ = {
			isa = XCBuildConfiguration;
			buildSettings = {
				GCC_PRECOMPILE_PREFIX_HEADER = YES;
				GCC_PREFIX_HEADER = "NICE Guidelines/NICE Guidelines-Prefix.pch";
				INFOPLIST_FILE = "NICE Guidelines/NICE Guidelines-Info.plist";
				PRODUCT_NAME = "$(TARGET_NAME)";
				WRAPPER_EXTENSION = app;
			};
			name = Debug;
		};
		7EE1ABB115C849C6009DF75B /* Release */ = {
			isa = XCBuildConfiguration;
			buildSettings = {
				"CODE_SIGN_IDENTITY[sdk=iphoneos*]" = "iPhone Distribution";
				GCC_PRECOMPILE_PREFIX_HEADER = YES;
				GCC_PREFIX_HEADER = "NICE Guidelines/NICE Guidelines-Prefix.pch";
				INFOPLIST_FILE = "NICE Guidelines/NICE Guidelines-Info.plist";
				PRODUCT_NAME = "$(TARGET_NAME)";
				"PROVISIONING_PROFILE[sdk=iphoneos*]" = "";
				WRAPPER_EXTENSION = app;
			};
			name = Release;
		};
/* End XCBuildConfiguration section */

/* Begin XCConfigurationList section */
		7EE1AB7F15C849C6009DF75B /* Build configuration list for PBXProject "NICE Guidelines" */ = {
			isa = XCConfigurationList;
			buildConfigurations = (
				7EE1ABAD15C849C6009DF75B /* Debug */,
				7EE1ABAE15C849C6009DF75B /* Release */,
			);
			defaultConfigurationIsVisible = 0;
			defaultConfigurationName = Release;
		};
		7EE1ABAF15C849C6009DF75B /* Build configuration list for PBXNativeTarget "NICE Guidelines" */ = {
			isa = XCConfigurationList;
			buildConfigurations = (
				7EE1ABB015C849C6009DF75B /* Debug */,
				7EE1ABB115C849C6009DF75B /* Release */,
			);
			defaultConfigurationIsVisible = 0;
			defaultConfigurationName = Release;
		};
/* End XCConfigurationList section */

/* Begin XCVersionGroup section */
		7E1E765915CDD3CA00EAC734 /* Guidelines.xcdatamodeld */ = {
			isa = XCVersionGroup;
			children = (
				7E1E765A15CDD3CA00EAC734 /* Guidelines.xcdatamodel */,
			);
			currentVersion = 7E1E765A15CDD3CA00EAC734 /* Guidelines.xcdatamodel */;
			name = Guidelines.xcdatamodeld;
			path = "NICE Guidelines/Guidelines.xcdatamodeld";
			sourceTree = "<group>";
			versionGroupType = wrapper.xcdatamodel;
		};
/* End XCVersionGroup section */
	};
	rootObject = 7EE1AB7C15C849C6009DF75B /* Project object */;
}
