// !$*UTF8*$!
{
	archiveVersion = 1;
	classes = {
	};
	objectVersion = 46;
	objects = {

/* Begin PBXBuildFile section */
		7EE1AB8A15C849C6009DF75B /* UIKit.framework in Frameworks */ = {isa = PBXBuildFile; fileRef = 7EE1AB8915C849C6009DF75B /* UIKit.framework */; };
		7EE1AB8C15C849C6009DF75B /* Foundation.framework in Frameworks */ = {isa = PBXBuildFile; fileRef = 7EE1AB8B15C849C6009DF75B /* Foundation.framework */; };
		7EE1AB8E15C849C6009DF75B /* CoreGraphics.framework in Frameworks */ = {isa = PBXBuildFile; fileRef = 7EE1AB8D15C849C6009DF75B /* CoreGraphics.framework */; };
		7EE1AB9415C849C6009DF75B /* InfoPlist.strings in Resources */ = {isa = PBXBuildFile; fileRef = 7EE1AB9215C849C6009DF75B /* InfoPlist.strings */; };
		7EE1AB9615C849C6009DF75B /* main.m in Sources */ = {isa = PBXBuildFile; fileRef = 7EE1AB9515C849C6009DF75B /* main.m */; };
		7EE1AB9A15C849C6009DF75B /* AppDelegate.m in Sources */ = {isa = PBXBuildFile; fileRef = 7EE1AB9915C849C6009DF75B /* AppDelegate.m */; };
		7EE1AB9D15C849C6009DF75B /* MasterViewController.m in Sources */ = {isa = PBXBuildFile; fileRef = 7EE1AB9C15C849C6009DF75B /* MasterViewController.m */; };
		7EE1ABA015C849C6009DF75B /* DetailViewController.m in Sources */ = {isa = PBXBuildFile; fileRef = 7EE1AB9F15C849C6009DF75B /* DetailViewController.m */; };
		7EE1ABA315C849C6009DF75B /* MasterViewController_iPhone.xib in Resources */ = {isa = PBXBuildFile; fileRef = 7EE1ABA115C849C6009DF75B /* MasterViewController_iPhone.xib */; };
		7EE1ABA615C849C6009DF75B /* MasterViewController_iPad.xib in Resources */ = {isa = PBXBuildFile; fileRef = 7EE1ABA415C849C6009DF75B /* MasterViewController_iPad.xib */; };
		7EE1ABA915C849C6009DF75B /* DetailViewController_iPhone.xib in Resources */ = {isa = PBXBuildFile; fileRef = 7EE1ABA715C849C6009DF75B /* DetailViewController_iPhone.xib */; };
		7EE1ABAC15C849C6009DF75B /* DetailViewController_iPad.xib in Resources */ = {isa = PBXBuildFile; fileRef = 7EE1ABAA15C849C6009DF75B /* DetailViewController_iPad.xib */; };
/* End PBXBuildFile section */

/* Begin PBXFileReference section */
		7EE1AB8515C849C6009DF75B /* NICE Guidelines.app */ = {isa = PBXFileReference; explicitFileType = wrapper.application; includeInIndex = 0; path = "NICE Guidelines.app"; sourceTree = BUILT_PRODUCTS_DIR; };
		7EE1AB8915C849C6009DF75B /* UIKit.framework */ = {isa = PBXFileReference; lastKnownFileType = wrapper.framework; name = UIKit.framework; path = System/Library/Frameworks/UIKit.framework; sourceTree = SDKROOT; };
		7EE1AB8B15C849C6009DF75B /* Foundation.framework */ = {isa = PBXFileReference; lastKnownFileType = wrapper.framework; name = Foundation.framework; path = System/Library/Frameworks/Foundation.framework; sourceTree = SDKROOT; };
		7EE1AB8D15C849C6009DF75B /* CoreGraphics.framework */ = {isa = PBXFileReference; lastKnownFileType = wrapper.framework; name = CoreGraphics.framework; path = System/Library/Frameworks/CoreGraphics.framework; sourceTree = SDKROOT; };
		7EE1AB9115C849C6009DF75B /* NICE Guidelines-Info.plist */ = {isa = PBXFileReference; lastKnownFileType = text.plist.xml; path = "NICE Guidelines-Info.plist"; sourceTree = "<group>"; };
		7EE1AB9315C849C6009DF75B /* en */ = {isa = PBXFileReference; lastKnownFileType = text.plist.strings; name = en; path = en.lproj/InfoPlist.strings; sourceTree = "<group>"; };
		7EE1AB9515C849C6009DF75B /* main.m */ = {isa = PBXFileReference; lastKnownFileType = sourcecode.c.objc; path = main.m; sourceTree = "<group>"; };
		7EE1AB9715C849C6009DF75B /* NICE Guidelines-Prefix.pch */ = {isa = PBXFileReference; lastKnownFileType = sourcecode.c.h; path = "NICE Guidelines-Prefix.pch"; sourceTree = "<group>"; };
		7EE1AB9815C849C6009DF75B /* AppDelegate.h */ = {isa = PBXFileReference; lastKnownFileType = sourcecode.c.h; path = AppDelegate.h; sourceTree = "<group>"; };
		7EE1AB9915C849C6009DF75B /* AppDelegate.m */ = {isa = PBXFileReference; lastKnownFileType = sourcecode.c.objc; path = AppDelegate.m; sourceTree = "<group>"; };
		7EE1AB9B15C849C6009DF75B /* MasterViewController.h */ = {isa = PBXFileReference; lastKnownFileType = sourcecode.c.h; path = MasterViewController.h; sourceTree = "<group>"; };
		7EE1AB9C15C849C6009DF75B /* MasterViewController.m */ = {isa = PBXFileReference; lastKnownFileType = sourcecode.c.objc; path = MasterViewController.m; sourceTree = "<group>"; };
		7EE1AB9E15C849C6009DF75B /* DetailViewController.h */ = {isa = PBXFileReference; lastKnownFileType = sourcecode.c.h; path = DetailViewController.h; sourceTree = "<group>"; };
		7EE1AB9F15C849C6009DF75B /* DetailViewController.m */ = {isa = PBXFileReference; lastKnownFileType = sourcecode.c.objc; path = DetailViewController.m; sourceTree = "<group>"; };
		7EE1ABA215C849C6009DF75B /* en */ = {isa = PBXFileReference; lastKnownFileType = file.xib; name = en; path = en.lproj/MasterViewController_iPhone.xib; sourceTree = "<group>"; };
		7EE1ABA515C849C6009DF75B /* en */ = {isa = PBXFileReference; lastKnownFileType = file.xib; name = en; path = en.lproj/MasterViewController_iPad.xib; sourceTree = "<group>"; };
		7EE1ABA815C849C6009DF75B /* en */ = {isa = PBXFileReference; lastKnownFileType = file.xib; name = en; path = en.lproj/DetailViewController_iPhone.xib; sourceTree = "<group>"; };
		7EE1ABAB15C849C6009DF75B /* en */ = {isa = PBXFileReference; lastKnownFileType = file.xib; name = en; path = en.lproj/DetailViewController_iPad.xib; sourceTree = "<group>"; };
/* End PBXFileReference section */

/* Begin PBXFrameworksBuildPhase section */
		7EE1AB8215C849C6009DF75B /* Frameworks */ = {
			isa = PBXFrameworksBuildPhase;
			buildActionMask = 2147483647;
			files = (
				7EE1AB8A15C849C6009DF75B /* UIKit.framework in Frameworks */,
				7EE1AB8C15C849C6009DF75B /* Foundation.framework in Frameworks */,
				7EE1AB8E15C849C6009DF75B /* CoreGraphics.framework in Frameworks */,
			);
			runOnlyForDeploymentPostprocessing = 0;
		};
/* End PBXFrameworksBuildPhase section */

/* Begin PBXGroup section */
		7EE1AB7A15C849C6009DF75B = {
			isa = PBXGroup;
			children = (
				7EE1AB8F15C849C6009DF75B /* NICE Guidelines */,
				7EE1AB8815C849C6009DF75B /* Frameworks */,
				7EE1AB8615C849C6009DF75B /* Products */,
			);
			sourceTree = "<group>";
		};
		7EE1AB8615C849C6009DF75B /* Products */ = {
			isa = PBXGroup;
			children = (
				7EE1AB8515C849C6009DF75B /* NICE Guidelines.app */,
			);
			name = Products;
			sourceTree = "<group>";
		};
		7EE1AB8815C849C6009DF75B /* Frameworks */ = {
			isa = PBXGroup;
			children = (
				7EE1AB8915C849C6009DF75B /* UIKit.framework */,
				7EE1AB8B15C849C6009DF75B /* Foundation.framework */,
				7EE1AB8D15C849C6009DF75B /* CoreGraphics.framework */,
			);
			name = Frameworks;
			sourceTree = "<group>";
		};
		7EE1AB8F15C849C6009DF75B /* NICE Guidelines */ = {
			isa = PBXGroup;
			children = (
				7EE1AB9815C849C6009DF75B /* AppDelegate.h */,
				7EE1AB9915C849C6009DF75B /* AppDelegate.m */,
				7EE1AB9B15C849C6009DF75B /* MasterViewController.h */,
				7EE1AB9C15C849C6009DF75B /* MasterViewController.m */,
				7EE1AB9E15C849C6009DF75B /* DetailViewController.h */,
				7EE1AB9F15C849C6009DF75B /* DetailViewController.m */,
				7EE1ABA115C849C6009DF75B /* MasterViewController_iPhone.xib */,
				7EE1ABA415C849C6009DF75B /* MasterViewController_iPad.xib */,
				7EE1ABA715C849C6009DF75B /* DetailViewController_iPhone.xib */,
				7EE1ABAA15C849C6009DF75B /* DetailViewController_iPad.xib */,
				7EE1AB9015C849C6009DF75B /* Supporting Files */,
			);
			path = "NICE Guidelines";
			sourceTree = "<group>";
		};
		7EE1AB9015C849C6009DF75B /* Supporting Files */ = {
			isa = PBXGroup;
			children = (
				7EE1AB9115C849C6009DF75B /* NICE Guidelines-Info.plist */,
				7EE1AB9215C849C6009DF75B /* InfoPlist.strings */,
				7EE1AB9515C849C6009DF75B /* main.m */,
				7EE1AB9715C849C6009DF75B /* NICE Guidelines-Prefix.pch */,
			);
			name = "Supporting Files";
			sourceTree = "<group>";
		};
/* End PBXGroup section */

/* Begin PBXNativeTarget section */
		7EE1AB8415C849C6009DF75B /* NICE Guidelines */ = {
			isa = PBXNativeTarget;
			buildConfigurationList = 7EE1ABAF15C849C6009DF75B /* Build configuration list for PBXNativeTarget "NICE Guidelines" */;
			buildPhases = (
				7EE1AB8115C849C6009DF75B /* Sources */,
				7EE1AB8215C849C6009DF75B /* Frameworks */,
				7EE1AB8315C849C6009DF75B /* Resources */,
			);
			buildRules = (
			);
			dependencies = (
			);
			name = "NICE Guidelines";
			productName = "NICE Guidelines";
			productReference = 7EE1AB8515C849C6009DF75B /* NICE Guidelines.app */;
			productType = "com.apple.product-type.application";
		};
/* End PBXNativeTarget section */

/* Begin PBXProject section */
		7EE1AB7C15C849C6009DF75B /* Project object */ = {
			isa = PBXProject;
			attributes = {
				LastUpgradeCheck = 0420;
			};
			buildConfigurationList = 7EE1AB7F15C849C6009DF75B /* Build configuration list for PBXProject "NICE Guidelines" */;
			compatibilityVersion = "Xcode 3.2";
			developmentRegion = English;
			hasScannedForEncodings = 0;
			knownRegions = (
				en,
			);
			mainGroup = 7EE1AB7A15C849C6009DF75B;
			productRefGroup = 7EE1AB8615C849C6009DF75B /* Products */;
			projectDirPath = "";
			projectRoot = "";
			targets = (
				7EE1AB8415C849C6009DF75B /* NICE Guidelines */,
			);
		};
/* End PBXProject section */

/* Begin PBXResourcesBuildPhase section */
		7EE1AB8315C849C6009DF75B /* Resources */ = {
			isa = PBXResourcesBuildPhase;
			buildActionMask = 2147483647;
			files = (
				7EE1AB9415C849C6009DF75B /* InfoPlist.strings in Resources */,
				7EE1ABA315C849C6009DF75B /* MasterViewController_iPhone.xib in Resources */,
				7EE1ABA615C849C6009DF75B /* MasterViewController_iPad.xib in Resources */,
				7EE1ABA915C849C6009DF75B /* DetailViewController_iPhone.xib in Resources */,
				7EE1ABAC15C849C6009DF75B /* DetailViewController_iPad.xib in Resources */,
			);
			runOnlyForDeploymentPostprocessing = 0;
		};
/* End PBXResourcesBuildPhase section */

/* Begin PBXSourcesBuildPhase section */
		7EE1AB8115C849C6009DF75B /* Sources */ = {
			isa = PBXSourcesBuildPhase;
			buildActionMask = 2147483647;
			files = (
				7EE1AB9615C849C6009DF75B /* main.m in Sources */,
				7EE1AB9A15C849C6009DF75B /* AppDelegate.m in Sources */,
				7EE1AB9D15C849C6009DF75B /* MasterViewController.m in Sources */,
				7EE1ABA015C849C6009DF75B /* DetailViewController.m in Sources */,
			);
			runOnlyForDeploymentPostprocessing = 0;
		};
/* End PBXSourcesBuildPhase section */

/* Begin PBXVariantGroup section */
		7EE1AB9215C849C6009DF75B /* InfoPlist.strings */ = {
			isa = PBXVariantGroup;
			children = (
				7EE1AB9315C849C6009DF75B /* en */,
			);
			name = InfoPlist.strings;
			sourceTree = "<group>";
		};
		7EE1ABA115C849C6009DF75B /* MasterViewController_iPhone.xib */ = {
			isa = PBXVariantGroup;
			children = (
				7EE1ABA215C849C6009DF75B /* en */,
			);
			name = MasterViewController_iPhone.xib;
			sourceTree = "<group>";
		};
		7EE1ABA415C849C6009DF75B /* MasterViewController_iPad.xib */ = {
			isa = PBXVariantGroup;
			children = (
				7EE1ABA515C849C6009DF75B /* en */,
			);
			name = MasterViewController_iPad.xib;
			sourceTree = "<group>";
		};
		7EE1ABA715C849C6009DF75B /* DetailViewController_iPhone.xib */ = {
			isa = PBXVariantGroup;
			children = (
				7EE1ABA815C849C6009DF75B /* en */,
			);
			name = DetailViewController_iPhone.xib;
			sourceTree = "<group>";
		};
		7EE1ABAA15C849C6009DF75B /* DetailViewController_iPad.xib */ = {
			isa = PBXVariantGroup;
			children = (
				7EE1ABAB15C849C6009DF75B /* en */,
			);
			name = DetailViewController_iPad.xib;
			sourceTree = "<group>";
		};
/* End PBXVariantGroup section */

/* Begin XCBuildConfiguration section */
		7EE1ABAD15C849C6009DF75B /* Debug */ = {
			isa = XCBuildConfiguration;
			buildSettings = {
				ALWAYS_SEARCH_USER_PATHS = NO;
				ARCHS = "$(ARCHS_STANDARD_32_BIT)";
				"CODE_SIGN_IDENTITY[sdk=iphoneos*]" = "iPhone Developer";
				COPY_PHASE_STRIP = NO;
				GCC_C_LANGUAGE_STANDARD = gnu99;
				GCC_DYNAMIC_NO_PIC = NO;
				GCC_OPTIMIZATION_LEVEL = 0;
				GCC_PREPROCESSOR_DEFINITIONS = (
					"DEBUG=1",
					"$(inherited)",
				);
				GCC_SYMBOLS_PRIVATE_EXTERN = NO;
				GCC_VERSION = com.apple.compilers.llvm.clang.1_0;
				GCC_WARN_ABOUT_MISSING_PROTOTYPES = YES;
				GCC_WARN_ABOUT_RETURN_TYPE = YES;
				GCC_WARN_UNUSED_VARIABLE = YES;
				IPHONEOS_DEPLOYMENT_TARGET = 4.2;
				SDKROOT = iphoneos;
				TARGETED_DEVICE_FAMILY = "1,2";
			};
			name = Debug;
		};
		7EE1ABAE15C849C6009DF75B /* Release */ = {
			isa = XCBuildConfiguration;
			buildSettings = {
				ALWAYS_SEARCH_USER_PATHS = NO;
				ARCHS = "$(ARCHS_STANDARD_32_BIT)";
				"CODE_SIGN_IDENTITY[sdk=iphoneos*]" = "iPhone Developer";
				COPY_PHASE_STRIP = YES;
				GCC_C_LANGUAGE_STANDARD = gnu99;
				GCC_VERSION = com.apple.compilers.llvm.clang.1_0;
				GCC_WARN_ABOUT_MISSING_PROTOTYPES = YES;
				GCC_WARN_ABOUT_RETURN_TYPE = YES;
				GCC_WARN_UNUSED_VARIABLE = YES;
				IPHONEOS_DEPLOYMENT_TARGET = 4.2;
				OTHER_CFLAGS = "-DNS_BLOCK_ASSERTIONS=1";
				SDKROOT = iphoneos;
				TARGETED_DEVICE_FAMILY = "1,2";
				VALIDATE_PRODUCT = YES;
			};
			name = Release;
		};
		7EE1ABB015C849C6009DF75B /* Debug */ = {
			isa = XCBuildConfiguration;
			buildSettings = {
				GCC_PRECOMPILE_PREFIX_HEADER = YES;
				GCC_PREFIX_HEADER = "NICE Guidelines/NICE Guidelines-Prefix.pch";
				INFOPLIST_FILE = "NICE Guidelines/NICE Guidelines-Info.plist";
				PRODUCT_NAME = "$(TARGET_NAME)";
				WRAPPER_EXTENSION = app;
			};
			name = Debug;
		};
		7EE1ABB115C849C6009DF75B /* Release */ = {
			isa = XCBuildConfiguration;
			buildSettings = {
				GCC_PRECOMPILE_PREFIX_HEADER = YES;
				GCC_PREFIX_HEADER = "NICE Guidelines/NICE Guidelines-Prefix.pch";
				INFOPLIST_FILE = "NICE Guidelines/NICE Guidelines-Info.plist";
				PRODUCT_NAME = "$(TARGET_NAME)";
				WRAPPER_EXTENSION = app;
			};
			name = Release;
		};
/* End XCBuildConfiguration section */

/* Begin XCConfigurationList section */
		7EE1AB7F15C849C6009DF75B /* Build configuration list for PBXProject "NICE Guidelines" */ = {
			isa = XCConfigurationList;
			buildConfigurations = (
				7EE1ABAD15C849C6009DF75B /* Debug */,
				7EE1ABAE15C849C6009DF75B /* Release */,
			);
			defaultConfigurationIsVisible = 0;
			defaultConfigurationName = Release;
		};
		7EE1ABAF15C849C6009DF75B /* Build configuration list for PBXNativeTarget "NICE Guidelines" */ = {
			isa = XCConfigurationList;
			buildConfigurations = (
				7EE1ABB015C849C6009DF75B /* Debug */,
				7EE1ABB115C849C6009DF75B /* Release */,
			);
			defaultConfigurationIsVisible = 0;
			defaultConfigurationName = Release;
		};
/* End XCConfigurationList section */
	};
	rootObject = 7EE1AB7C15C849C6009DF75B /* Project object */;
}
